
Microsoft Visual Studio Solution File, Format Version 12.00
# Visual Studio Version 17
VisualStudioVersion = 17.4.33110.190
MinimumVisualStudioVersion = 10.0.40219.1
Project("{FAE04EC0-301F-11D3-BF4B-00C04F79EFBC}") = "Mini-Project", "Mini-Project\Mini-Project.csproj", "{BE94FF76-B92A-4211-BDB6-A1E7C69735CD}"
EndProject
Global
	GlobalSection(SolutionConfigurationPlatforms) = preSolution
		Debug|Any CPU = Debug|Any CPU
		Release|Any CPU = Release|Any CPU
	EndGlobalSection
	GlobalSection(ProjectConfigurationPlatforms) = postSolution
		{BE94FF76-B92A-4211-BDB6-A1E7C69735CD}.Debug|Any CPU.ActiveCfg = Debug|Any CPU
		{BE94FF76-B92A-4211-BDB6-A1E7C69735CD}.Debug|Any CPU.Build.0 = Debug|Any CPU
		{BE94FF76-B92A-4211-BDB6-A1E7C69735CD}.Release|Any CPU.ActiveCfg = Release|Any CPU
		{BE94FF76-B92A-4211-BDB6-A1E7C69735CD}.Release|Any CPU.Build.0 = Release|Any CPU
	EndGlobalSection
	GlobalSection(SolutionProperties) = preSolution
		HideSolutionNode = FALSE
	EndGlobalSection
	GlobalSection(ExtensibilityGlobals) = postSolution
		SolutionGuid = {CDE0A12E-2DB3-4E54-AD62-3C19FCBDF19B}
	EndGlobalSection
EndGlobal
